
Microsoft Visual Studio Solution File, Format Version 12.00
# Visual Studio Version 16
VisualStudioVersion = 16.0.29905.134
MinimumVisualStudioVersion = 10.0.40219.1
Project("{9A19103F-16F7-4668-BE54-9A1E7A4F7556}") = "NameGenerator", "NameGenerator\NameGenerator.csproj", "{3218B560-04DB-4846-B8AD-11536C81661A}"
	ProjectSection(ProjectDependencies) = postProject
		{7E8CD428-6D91-4A4A-BA53-2C06D6F73332} = {7E8CD428-6D91-4A4A-BA53-2C06D6F73332}
	EndProjectSection
EndProject
Project("{9A19103F-16F7-4668-BE54-9A1E7A4F7556}") = "HigherLower", "HigherLower\HigherLower.csproj", "{D6AED159-22E4-464F-9CA5-6CE9C2C5AC15}"
EndProject
Project("{9A19103F-16F7-4668-BE54-9A1E7A4F7556}") = "Helpers", "Helpers\Helpers.csproj", "{7E8CD428-6D91-4A4A-BA53-2C06D6F73332}"
EndProject
Project("{9A19103F-16F7-4668-BE54-9A1E7A4F7556}") = "Project Euler", "Project Euler\Project Euler.csproj", "{CDFA169B-139E-4E33-B2A5-165C2A56A38C}"
EndProject
Project("{FAE04EC0-301F-11D3-BF4B-00C04F79EFBC}") = "TemperatureConverter", "TemperatureConverter\TemperatureConverter.csproj", "{9E7A4D09-6577-4944-A9FA-EE9CD1323EF5}"
EndProject
Project("{FAE04EC0-301F-11D3-BF4B-00C04F79EFBC}") = "Level14", "Level14\Level14.csproj", "{EFF31434-C635-4BC0-9D41-B7A7F6F3768F}"
EndProject
Global
	GlobalSection(SolutionConfigurationPlatforms) = preSolution
		Debug|Any CPU = Debug|Any CPU
		Release|Any CPU = Release|Any CPU
	EndGlobalSection
	GlobalSection(ProjectConfigurationPlatforms) = postSolution
		{3218B560-04DB-4846-B8AD-11536C81661A}.Debug|Any CPU.ActiveCfg = Debug|Any CPU
		{3218B560-04DB-4846-B8AD-11536C81661A}.Debug|Any CPU.Build.0 = Debug|Any CPU
		{3218B560-04DB-4846-B8AD-11536C81661A}.Release|Any CPU.ActiveCfg = Release|Any CPU
		{3218B560-04DB-4846-B8AD-11536C81661A}.Release|Any CPU.Build.0 = Release|Any CPU
		{D6AED159-22E4-464F-9CA5-6CE9C2C5AC15}.Debug|Any CPU.ActiveCfg = Debug|Any CPU
		{D6AED159-22E4-464F-9CA5-6CE9C2C5AC15}.Debug|Any CPU.Build.0 = Debug|Any CPU
		{D6AED159-22E4-464F-9CA5-6CE9C2C5AC15}.Release|Any CPU.ActiveCfg = Release|Any CPU
		{D6AED159-22E4-464F-9CA5-6CE9C2C5AC15}.Release|Any CPU.Build.0 = Release|Any CPU
		{7E8CD428-6D91-4A4A-BA53-2C06D6F73332}.Debug|Any CPU.ActiveCfg = Debug|Any CPU
		{7E8CD428-6D91-4A4A-BA53-2C06D6F73332}.Debug|Any CPU.Build.0 = Debug|Any CPU
		{7E8CD428-6D91-4A4A-BA53-2C06D6F73332}.Release|Any CPU.ActiveCfg = Release|Any CPU
		{7E8CD428-6D91-4A4A-BA53-2C06D6F73332}.Release|Any CPU.Build.0 = Release|Any CPU
		{CDFA169B-139E-4E33-B2A5-165C2A56A38C}.Debug|Any CPU.ActiveCfg = Debug|Any CPU
		{CDFA169B-139E-4E33-B2A5-165C2A56A38C}.Debug|Any CPU.Build.0 = Debug|Any CPU
		{CDFA169B-139E-4E33-B2A5-165C2A56A38C}.Release|Any CPU.ActiveCfg = Release|Any CPU
		{CDFA169B-139E-4E33-B2A5-165C2A56A38C}.Release|Any CPU.Build.0 = Release|Any CPU
		{9E7A4D09-6577-4944-A9FA-EE9CD1323EF5}.Debug|Any CPU.ActiveCfg = Debug|Any CPU
		{9E7A4D09-6577-4944-A9FA-EE9CD1323EF5}.Debug|Any CPU.Build.0 = Debug|Any CPU
		{9E7A4D09-6577-4944-A9FA-EE9CD1323EF5}.Release|Any CPU.ActiveCfg = Release|Any CPU
		{9E7A4D09-6577-4944-A9FA-EE9CD1323EF5}.Release|Any CPU.Build.0 = Release|Any CPU
		{EFF31434-C635-4BC0-9D41-B7A7F6F3768F}.Debug|Any CPU.ActiveCfg = Debug|Any CPU
		{EFF31434-C635-4BC0-9D41-B7A7F6F3768F}.Debug|Any CPU.Build.0 = Debug|Any CPU
		{EFF31434-C635-4BC0-9D41-B7A7F6F3768F}.Release|Any CPU.ActiveCfg = Release|Any CPU
		{EFF31434-C635-4BC0-9D41-B7A7F6F3768F}.Release|Any CPU.Build.0 = Release|Any CPU
	EndGlobalSection
	GlobalSection(SolutionProperties) = preSolution
		HideSolutionNode = FALSE
	EndGlobalSection
	GlobalSection(ExtensibilityGlobals) = postSolution
		SolutionGuid = {853550FB-6973-4DD2-B0B3-C86D17BDB528}
	EndGlobalSection
EndGlobal
